
Microsoft Visual Studio Solution File, Format Version 12.00
# Visual Studio Version 16
VisualStudioVersion = 16.0.31702.278
MinimumVisualStudioVersion = 10.0.40219.1
Project("{9A19103F-16F7-4668-BE54-9A1E7A4F7556}") = "Hepsiburada.Domain", "Hepsiburada.Domain\Hepsiburada.Domain.csproj", "{06357D10-6CD6-4197-8F51-10261A62C1F8}"
EndProject
Project("{9A19103F-16F7-4668-BE54-9A1E7A4F7556}") = "Hepsiburada.Infrastructure", "Hepsiburada.Infrastructure\Hepsiburada.Infrastructure.csproj", "{85257ACF-11F3-4CDA-826F-1232B84A0F2D}"
EndProject
Project("{9A19103F-16F7-4668-BE54-9A1E7A4F7556}") = "Hepsiburada.Application", "Hepsiburada.Application\Hepsiburada.Application.csproj", "{1F12D51E-3FE2-472F-A90B-97645902FA33}"
EndProject
Project("{9A19103F-16F7-4668-BE54-9A1E7A4F7556}") = "Hepsiburada.Api", "Hepsiburada.Api\Hepsiburada.Api.csproj", "{913BE89A-D49B-421F-8FD8-5E78A5322102}"
EndProject
Project("{E53339B2-1760-4266-BCC7-CA923CBCF16C}") = "docker-compose", "docker-compose.dcproj", "{96FD43F5-6E82-4FC1-A6C5-9917EFBDD9C1}"
EndProject
Global
	GlobalSection(SolutionConfigurationPlatforms) = preSolution
		Debug|Any CPU = Debug|Any CPU
		Release|Any CPU = Release|Any CPU
	EndGlobalSection
	GlobalSection(ProjectConfigurationPlatforms) = postSolution
		{06357D10-6CD6-4197-8F51-10261A62C1F8}.Debug|Any CPU.ActiveCfg = Debug|Any CPU
		{06357D10-6CD6-4197-8F51-10261A62C1F8}.Debug|Any CPU.Build.0 = Debug|Any CPU
		{06357D10-6CD6-4197-8F51-10261A62C1F8}.Release|Any CPU.ActiveCfg = Release|Any CPU
		{06357D10-6CD6-4197-8F51-10261A62C1F8}.Release|Any CPU.Build.0 = Release|Any CPU
		{85257ACF-11F3-4CDA-826F-1232B84A0F2D}.Debug|Any CPU.ActiveCfg = Debug|Any CPU
		{85257ACF-11F3-4CDA-826F-1232B84A0F2D}.Debug|Any CPU.Build.0 = Debug|Any CPU
		{85257ACF-11F3-4CDA-826F-1232B84A0F2D}.Release|Any CPU.ActiveCfg = Release|Any CPU
		{85257ACF-11F3-4CDA-826F-1232B84A0F2D}.Release|Any CPU.Build.0 = Release|Any CPU
		{1F12D51E-3FE2-472F-A90B-97645902FA33}.Debug|Any CPU.ActiveCfg = Debug|Any CPU
		{1F12D51E-3FE2-472F-A90B-97645902FA33}.Debug|Any CPU.Build.0 = Debug|Any CPU
		{1F12D51E-3FE2-472F-A90B-97645902FA33}.Release|Any CPU.ActiveCfg = Release|Any CPU
		{1F12D51E-3FE2-472F-A90B-97645902FA33}.Release|Any CPU.Build.0 = Release|Any CPU
		{913BE89A-D49B-421F-8FD8-5E78A5322102}.Debug|Any CPU.ActiveCfg = Debug|Any CPU
		{913BE89A-D49B-421F-8FD8-5E78A5322102}.Debug|Any CPU.Build.0 = Debug|Any CPU
		{913BE89A-D49B-421F-8FD8-5E78A5322102}.Release|Any CPU.ActiveCfg = Release|Any CPU
		{913BE89A-D49B-421F-8FD8-5E78A5322102}.Release|Any CPU.Build.0 = Release|Any CPU
		{96FD43F5-6E82-4FC1-A6C5-9917EFBDD9C1}.Debug|Any CPU.ActiveCfg = Debug|Any CPU
		{96FD43F5-6E82-4FC1-A6C5-9917EFBDD9C1}.Debug|Any CPU.Build.0 = Debug|Any CPU
		{96FD43F5-6E82-4FC1-A6C5-9917EFBDD9C1}.Release|Any CPU.ActiveCfg = Release|Any CPU
		{96FD43F5-6E82-4FC1-A6C5-9917EFBDD9C1}.Release|Any CPU.Build.0 = Release|Any CPU
	EndGlobalSection
	GlobalSection(SolutionProperties) = preSolution
		HideSolutionNode = FALSE
	EndGlobalSection
	GlobalSection(ExtensibilityGlobals) = postSolution
		SolutionGuid = {F2F4848C-202F-4D9B-BB86-299858072FCB}
	EndGlobalSection
EndGlobal
